
Microsoft Visual Studio Solution File, Format Version 12.00
# Visual Studio Version 17
VisualStudioVersion = 17.4.33103.184
MinimumVisualStudioVersion = 10.0.40219.1
Project("{9A19103F-16F7-4668-BE54-9A1E7A4F7556}") = "ZHIPlayerManager", "ZHIPlayerManager.csproj", "{B18A0283-AD37-45B0-A563-58EA4AC6E205}"
EndProject
Global
	GlobalSection(SolutionConfigurationPlatforms) = preSolution
		Debug|Any CPU = Debug|Any CPU
		Debug|x64 = Debug|x64
		Release|Any CPU = Release|Any CPU
		Release|x64 = Release|x64
	EndGlobalSection
	GlobalSection(ProjectConfigurationPlatforms) = postSolution
		{B18A0283-AD37-45B0-A563-58EA4AC6E205}.Debug|Any CPU.ActiveCfg = Debug|Any CPU
		{B18A0283-AD37-45B0-A563-58EA4AC6E205}.Debug|Any CPU.Build.0 = Debug|Any CPU
		{B18A0283-AD37-45B0-A563-58EA4AC6E205}.Debug|x64.ActiveCfg = Debug|x64
		{B18A0283-AD37-45B0-A563-58EA4AC6E205}.Debug|x64.Build.0 = Debug|x64
		{B18A0283-AD37-45B0-A563-58EA4AC6E205}.Release|Any CPU.ActiveCfg = Release|Any CPU
		{B18A0283-AD37-45B0-A563-58EA4AC6E205}.Release|Any CPU.Build.0 = Release|Any CPU
		{B18A0283-AD37-45B0-A563-58EA4AC6E205}.Release|x64.ActiveCfg = Release|x64
		{B18A0283-AD37-45B0-A563-58EA4AC6E205}.Release|x64.Build.0 = Release|x64
	EndGlobalSection
	GlobalSection(SolutionProperties) = preSolution
		HideSolutionNode = FALSE
	EndGlobalSection
	GlobalSection(ExtensibilityGlobals) = postSolution
		SolutionGuid = {E8AE1764-CD36-4B0C-BDF8-DB8E4E20CE40}
	EndGlobalSection
EndGlobal
